
Microsoft Visual Studio Solution File, Format Version 11.00
# Visual Studio 2010
Project("{8BC9CEB8-8B4A-11D0-8D11-00A0C91BC942}") = "Eco.CEP.Engine1", "Eco.CEP.Engine1.vcxproj", "{88E7053B-4C5F-4037-826E-B694B559E78D}"
EndProject
Project("{8BC9CEB8-8B4A-11D0-8D11-00A0C91BC942}") = "Eco.CEP.Engine1UnitTest", "Eco.CEP.Engine1UnitTest.vcxproj", "{A4D74756-84AE-4728-A641-67B05C5502A7}"
EndProject
Global
	GlobalSection(SolutionConfigurationPlatforms) = preSolution
		DynamicDebug|Win32 = DynamicDebug|Win32
		DynamicRelease|Win32 = DynamicRelease|Win32
		StaticDebug|Win32 = StaticDebug|Win32
		StaticRelease|Win32 = StaticRelease|Win32
	EndGlobalSection
	GlobalSection(ProjectConfigurationPlatforms) = postSolution
		{88E7053B-4C5F-4037-826E-B694B559E78D}.DynamicDebug|Win32.ActiveCfg = DynamicDebug|Win32
		{88E7053B-4C5F-4037-826E-B694B559E78D}.DynamicDebug|Win32.Build.0 = DynamicDebug|Win32
		{88E7053B-4C5F-4037-826E-B694B559E78D}.DynamicRelease|Win32.ActiveCfg = DynamicRelease|Win32
		{88E7053B-4C5F-4037-826E-B694B559E78D}.DynamicRelease|Win32.Build.0 = DynamicRelease|Win32
		{88E7053B-4C5F-4037-826E-B694B559E78D}.StaticDebug|Win32.ActiveCfg = StaticDebug|Win32
		{88E7053B-4C5F-4037-826E-B694B559E78D}.StaticDebug|Win32.Build.0 = StaticDebug|Win32
		{88E7053B-4C5F-4037-826E-B694B559E78D}.StaticRelease|Win32.ActiveCfg = StaticRelease|Win32
		{A4D74756-84AE-4728-A641-67B05C5502A7}.DynamicDebug|Win32.ActiveCfg = StaticRelease|Win32
		{A4D74756-84AE-4728-A641-67B05C5502A7}.DynamicDebug|Win32.Build.0 = StaticRelease|Win32
		{A4D74756-84AE-4728-A641-67B05C5502A7}.DynamicRelease|Win32.ActiveCfg = StaticRelease|Win32
		{A4D74756-84AE-4728-A641-67B05C5502A7}.DynamicRelease|Win32.Build.0 = StaticRelease|Win32
		{A4D74756-84AE-4728-A641-67B05C5502A7}.StaticDebug|Win32.ActiveCfg = StaticDebug|Win32
		{A4D74756-84AE-4728-A641-67B05C5502A7}.StaticDebug|Win32.Build.0 = StaticDebug|Win32
		{A4D74756-84AE-4728-A641-67B05C5502A7}.StaticRelease|Win32.ActiveCfg = StaticRelease|Win32
		{A4D74756-84AE-4728-A641-67B05C5502A7}.StaticRelease|Win32.Build.0 = StaticRelease|Win32
	EndGlobalSection
	GlobalSection(SolutionProperties) = preSolution
		HideSolutionNode = FALSE
	EndGlobalSection
EndGlobal
